// !$*UTF8*$!
{
	archiveVersion = 1;
	classes = {
	};
	objectVersion = 56;
	objects = {

/* Begin PBXBuildFile section */
		FF08A6E02ADE6C5F0036ABCA /* ActivitySummaryView.swift in Sources */ = {isa = PBXBuildFile; fileRef = FF08A6DF2ADE6C5F0036ABCA /* ActivitySummaryView.swift */; };
		FF08A6E32ADE74A20036ABCA /* ActivityViewModel.swift in Sources */ = {isa = PBXBuildFile; fileRef = FF08A6E22ADE74A20036ABCA /* ActivityViewModel.swift */; };
		FF4749EF2AE6A9990003F449 /* ActivityDashboardView.swift in Sources */ = {isa = PBXBuildFile; fileRef = FF4749EE2AE6A9990003F449 /* ActivityDashboardView.swift */; };
		FF4749F12AE6AA1F0003F449 /* SettingsView.swift in Sources */ = {isa = PBXBuildFile; fileRef = FF4749F02AE6AA1F0003F449 /* SettingsView.swift */; };
		FF4749F52AE6B1780003F449 /* AddWorkoutView.swift in Sources */ = {isa = PBXBuildFile; fileRef = FF4749F42AE6B1780003F449 /* AddWorkoutView.swift */; };
		FF4795342AE8FE6B00C99234 /* MapActivityView.swift in Sources */ = {isa = PBXBuildFile; fileRef = FF4795332AE8FE6B00C99234 /* MapActivityView.swift */; };
		FFD335372ADFD9BD00D8BD33 /* MapView.swift in Sources */ = {isa = PBXBuildFile; fileRef = FFD335362ADFD9BD00D8BD33 /* MapView.swift */; };
		FFDDFAD92ADAF56C008B5E18 /* ActivityTrackerApp.swift in Sources */ = {isa = PBXBuildFile; fileRef = FFDDFAD82ADAF56C008B5E18 /* ActivityTrackerApp.swift */; };
		FFDDFADB2ADAF56C008B5E18 /* ContentView.swift in Sources */ = {isa = PBXBuildFile; fileRef = FFDDFADA2ADAF56C008B5E18 /* ContentView.swift */; };
		FFDDFADD2ADAF56E008B5E18 /* Assets.xcassets in Resources */ = {isa = PBXBuildFile; fileRef = FFDDFADC2ADAF56E008B5E18 /* Assets.xcassets */; };
		FFDDFAE02ADAF56E008B5E18 /* Preview Assets.xcassets in Resources */ = {isa = PBXBuildFile; fileRef = FFDDFADF2ADAF56E008B5E18 /* Preview Assets.xcassets */; };
/* End PBXBuildFile section */

/* Begin PBXFileReference section */
		FF08A6DF2ADE6C5F0036ABCA /* ActivitySummaryView.swift */ = {isa = PBXFileReference; lastKnownFileType = sourcecode.swift; path = ActivitySummaryView.swift; sourceTree = "<group>"; };
		FF08A6E22ADE74A20036ABCA /* ActivityViewModel.swift */ = {isa = PBXFileReference; lastKnownFileType = sourcecode.swift; path = ActivityViewModel.swift; sourceTree = "<group>"; };
		FF4749EE2AE6A9990003F449 /* ActivityDashboardView.swift */ = {isa = PBXFileReference; lastKnownFileType = sourcecode.swift; path = ActivityDashboardView.swift; sourceTree = "<group>"; };
		FF4749F02AE6AA1F0003F449 /* SettingsView.swift */ = {isa = PBXFileReference; lastKnownFileType = sourcecode.swift; path = SettingsView.swift; sourceTree = "<group>"; };
		FF4749F42AE6B1780003F449 /* AddWorkoutView.swift */ = {isa = PBXFileReference; lastKnownFileType = sourcecode.swift; path = AddWorkoutView.swift; sourceTree = "<group>"; };
		FF4795332AE8FE6B00C99234 /* MapActivityView.swift */ = {isa = PBXFileReference; lastKnownFileType = sourcecode.swift; path = MapActivityView.swift; sourceTree = "<group>"; };
		FFD335362ADFD9BD00D8BD33 /* MapView.swift */ = {isa = PBXFileReference; lastKnownFileType = sourcecode.swift; path = MapView.swift; sourceTree = "<group>"; };
		FFDDFAD52ADAF56C008B5E18 /* ActivityTracker.app */ = {isa = PBXFileReference; explicitFileType = wrapper.application; includeInIndex = 0; path = ActivityTracker.app; sourceTree = BUILT_PRODUCTS_DIR; };
		FFDDFAD82ADAF56C008B5E18 /* ActivityTrackerApp.swift */ = {isa = PBXFileReference; lastKnownFileType = sourcecode.swift; path = ActivityTrackerApp.swift; sourceTree = "<group>"; };
		FFDDFADA2ADAF56C008B5E18 /* ContentView.swift */ = {isa = PBXFileReference; lastKnownFileType = sourcecode.swift; path = ContentView.swift; sourceTree = "<group>"; };
		FFDDFADC2ADAF56E008B5E18 /* Assets.xcassets */ = {isa = PBXFileReference; lastKnownFileType = folder.assetcatalog; path = Assets.xcassets; sourceTree = "<group>"; };
		FFDDFADF2ADAF56E008B5E18 /* Preview Assets.xcassets */ = {isa = PBXFileReference; lastKnownFileType = folder.assetcatalog; path = "Preview Assets.xcassets"; sourceTree = "<group>"; };
/* End PBXFileReference section */

/* Begin PBXFrameworksBuildPhase section */
		FFDDFAD22ADAF56C008B5E18 /* Frameworks */ = {
			isa = PBXFrameworksBuildPhase;
			buildActionMask = 2147483647;
			files = (
			);
			runOnlyForDeploymentPostprocessing = 0;
		};
/* End PBXFrameworksBuildPhase section */

/* Begin PBXGroup section */
		FF08A6E12ADE6C7F0036ABCA /* Activity */ = {
			isa = PBXGroup;
			children = (
				FF4795322AE8FE5100C99234 /* MapActivity */,
				FF08A6E52ADE74B90036ABCA /* View */,
				FF08A6E42ADE74AE0036ABCA /* ViewModel */,
			);
			path = Activity;
			sourceTree = "<group>";
		};
		FF08A6E42ADE74AE0036ABCA /* ViewModel */ = {
			isa = PBXGroup;
			children = (
				FF08A6E22ADE74A20036ABCA /* ActivityViewModel.swift */,
			);
			path = ViewModel;
			sourceTree = "<group>";
		};
		FF08A6E52ADE74B90036ABCA /* View */ = {
			isa = PBXGroup;
			children = (
				FF4749F42AE6B1780003F449 /* AddWorkoutView.swift */,
				FFD335362ADFD9BD00D8BD33 /* MapView.swift */,
				FF08A6DF2ADE6C5F0036ABCA /* ActivitySummaryView.swift */,
			);
			path = View;
			sourceTree = "<group>";
		};
		FF4749F22AE6AA390003F449 /* Settings */ = {
			isa = PBXGroup;
			children = (
				FF4749F02AE6AA1F0003F449 /* SettingsView.swift */,
			);
			path = Settings;
			sourceTree = "<group>";
		};
		FF4795322AE8FE5100C99234 /* MapActivity */ = {
			isa = PBXGroup;
			children = (
				FF4795332AE8FE6B00C99234 /* MapActivityView.swift */,
			);
			path = MapActivity;
			sourceTree = "<group>";
		};
		FFDDFACC2ADAF56C008B5E18 = {
			isa = PBXGroup;
			children = (
				FFDDFAD72ADAF56C008B5E18 /* ActivityTracker */,
				FFDDFAD62ADAF56C008B5E18 /* Products */,
			);
			sourceTree = "<group>";
		};
		FFDDFAD62ADAF56C008B5E18 /* Products */ = {
			isa = PBXGroup;
			children = (
				FFDDFAD52ADAF56C008B5E18 /* ActivityTracker.app */,
			);
			name = Products;
			sourceTree = "<group>";
		};
		FFDDFAD72ADAF56C008B5E18 /* ActivityTracker */ = {
			isa = PBXGroup;
			children = (
				FFDDFADA2ADAF56C008B5E18 /* ContentView.swift */,
				FF4749EE2AE6A9990003F449 /* ActivityDashboardView.swift */,
				FFDDFAD82ADAF56C008B5E18 /* ActivityTrackerApp.swift */,
				FF4749F22AE6AA390003F449 /* Settings */,
				FF08A6E12ADE6C7F0036ABCA /* Activity */,
				FFDDFADC2ADAF56E008B5E18 /* Assets.xcassets */,
				FFDDFADE2ADAF56E008B5E18 /* Preview Content */,
			);
			path = ActivityTracker;
			sourceTree = "<group>";
		};
		FFDDFADE2ADAF56E008B5E18 /* Preview Content */ = {
			isa = PBXGroup;
			children = (
				FFDDFADF2ADAF56E008B5E18 /* Preview Assets.xcassets */,
			);
			path = "Preview Content";
			sourceTree = "<group>";
		};
/* End PBXGroup section */

/* Begin PBXNativeTarget section */
		FFDDFAD42ADAF56C008B5E18 /* ActivityTracker */ = {
			isa = PBXNativeTarget;
			buildConfigurationList = FFDDFAE32ADAF56E008B5E18 /* Build configuration list for PBXNativeTarget "ActivityTracker" */;
			buildPhases = (
				FFDDFAD12ADAF56C008B5E18 /* Sources */,
				FFDDFAD22ADAF56C008B5E18 /* Frameworks */,
				FFDDFAD32ADAF56C008B5E18 /* Resources */,
			);
			buildRules = (
			);
			dependencies = (
			);
			name = ActivityTracker;
			productName = ActivityTracker;
			productReference = FFDDFAD52ADAF56C008B5E18 /* ActivityTracker.app */;
			productType = "com.apple.product-type.application";
		};
/* End PBXNativeTarget section */

/* Begin PBXProject section */
		FFDDFACD2ADAF56C008B5E18 /* Project object */ = {
			isa = PBXProject;
			attributes = {
				BuildIndependentTargetsInParallel = 1;
				LastSwiftUpdateCheck = 1430;
				LastUpgradeCheck = 1430;
				TargetAttributes = {
					FFDDFAD42ADAF56C008B5E18 = {
						CreatedOnToolsVersion = 14.3.1;
					};
				};
			};
			buildConfigurationList = FFDDFAD02ADAF56C008B5E18 /* Build configuration list for PBXProject "ActivityTracker" */;
			compatibilityVersion = "Xcode 14.0";
			developmentRegion = en;
			hasScannedForEncodings = 0;
			knownRegions = (
				en,
				Base,
			);
			mainGroup = FFDDFACC2ADAF56C008B5E18;
			productRefGroup = FFDDFAD62ADAF56C008B5E18 /* Products */;
			projectDirPath = "";
			projectRoot = "";
			targets = (
				FFDDFAD42ADAF56C008B5E18 /* ActivityTracker */,
			);
		};
/* End PBXProject section */

/* Begin PBXResourcesBuildPhase section */
		FFDDFAD32ADAF56C008B5E18 /* Resources */ = {
			isa = PBXResourcesBuildPhase;
			buildActionMask = 2147483647;
			files = (
				FFDDFAE02ADAF56E008B5E18 /* Preview Assets.xcassets in Resources */,
				FFDDFADD2ADAF56E008B5E18 /* Assets.xcassets in Resources */,
			);
			runOnlyForDeploymentPostprocessing = 0;
		};
/* End PBXResourcesBuildPhase section */

/* Begin PBXSourcesBuildPhase section */
		FFDDFAD12ADAF56C008B5E18 /* Sources */ = {
			isa = PBXSourcesBuildPhase;
			buildActionMask = 2147483647;
			files = (
				FF4749F12AE6AA1F0003F449 /* SettingsView.swift in Sources */,
				FF4795342AE8FE6B00C99234 /* MapActivityView.swift in Sources */,
				FF4749F52AE6B1780003F449 /* AddWorkoutView.swift in Sources */,
				FFDDFADB2ADAF56C008B5E18 /* ContentView.swift in Sources */,
				FFDDFAD92ADAF56C008B5E18 /* ActivityTrackerApp.swift in Sources */,
				FF4749EF2AE6A9990003F449 /* ActivityDashboardView.swift in Sources */,
				FFD335372ADFD9BD00D8BD33 /* MapView.swift in Sources */,
				FF08A6E02ADE6C5F0036ABCA /* ActivitySummaryView.swift in Sources */,
				FF08A6E32ADE74A20036ABCA /* ActivityViewModel.swift in Sources */,
			);
			runOnlyForDeploymentPostprocessing = 0;
		};
/* End PBXSourcesBuildPhase section */

/* Begin XCBuildConfiguration section */
		FFDDFAE12ADAF56E008B5E18 /* Debug */ = {
			isa = XCBuildConfiguration;
			buildSettings = {
				ALWAYS_SEARCH_USER_PATHS = NO;
				CLANG_ANALYZER_NONNULL = YES;
				CLANG_ANALYZER_NUMBER_OBJECT_CONVERSION = YES_AGGRESSIVE;
				CLANG_CXX_LANGUAGE_STANDARD = "gnu++20";
				CLANG_ENABLE_MODULES = YES;
				CLANG_ENABLE_OBJC_ARC = YES;
				CLANG_ENABLE_OBJC_WEAK = YES;
				CLANG_WARN_BLOCK_CAPTURE_AUTORELEASING = YES;
				CLANG_WARN_BOOL_CONVERSION = YES;
				CLANG_WARN_COMMA = YES;
				CLANG_WARN_CONSTANT_CONVERSION = YES;
				CLANG_WARN_DEPRECATED_OBJC_IMPLEMENTATIONS = YES;
				CLANG_WARN_DIRECT_OBJC_ISA_USAGE = YES_ERROR;
				CLANG_WARN_DOCUMENTATION_COMMENTS = YES;
				CLANG_WARN_EMPTY_BODY = YES;
				CLANG_WARN_ENUM_CONVERSION = YES;
				CLANG_WARN_INFINITE_RECURSION = YES;
				CLANG_WARN_INT_CONVERSION = YES;
				CLANG_WARN_NON_LITERAL_NULL_CONVERSION = YES;
				CLANG_WARN_OBJC_IMPLICIT_RETAIN_SELF = YES;
				CLANG_WARN_OBJC_LITERAL_CONVERSION = YES;
				CLANG_WARN_OBJC_ROOT_CLASS = YES_ERROR;
				CLANG_WARN_QUOTED_INCLUDE_IN_FRAMEWORK_HEADER = YES;
				CLANG_WARN_RANGE_LOOP_ANALYSIS = YES;
				CLANG_WARN_STRICT_PROTOTYPES = YES;
				CLANG_WARN_SUSPICIOUS_MOVE = YES;
				CLANG_WARN_UNGUARDED_AVAILABILITY = YES_AGGRESSIVE;
				CLANG_WARN_UNREACHABLE_CODE = YES;
				CLANG_WARN__DUPLICATE_METHOD_MATCH = YES;
				COPY_PHASE_STRIP = NO;
				DEBUG_INFORMATION_FORMAT = dwarf;
				ENABLE_STRICT_OBJC_MSGSEND = YES;
				ENABLE_TESTABILITY = YES;
				GCC_C_LANGUAGE_STANDARD = gnu11;
				GCC_DYNAMIC_NO_PIC = NO;
				GCC_NO_COMMON_BLOCKS = YES;
				GCC_OPTIMIZATION_LEVEL = 0;
				GCC_PREPROCESSOR_DEFINITIONS = (
					"DEBUG=1",
					"$(inherited)",
				);
				GCC_WARN_64_TO_32_BIT_CONVERSION = YES;
				GCC_WARN_ABOUT_RETURN_TYPE = YES_ERROR;
				GCC_WARN_UNDECLARED_SELECTOR = YES;
				GCC_WARN_UNINITIALIZED_AUTOS = YES_AGGRESSIVE;
				GCC_WARN_UNUSED_FUNCTION = YES;
				GCC_WARN_UNUSED_VARIABLE = YES;
				IPHONEOS_DEPLOYMENT_TARGET = 16.4;
				MTL_ENABLE_DEBUG_INFO = INCLUDE_SOURCE;
				MTL_FAST_MATH = YES;
				ONLY_ACTIVE_ARCH = YES;
				SDKROOT = iphoneos;
				SWIFT_ACTIVE_COMPILATION_CONDITIONS = DEBUG;
				SWIFT_OPTIMIZATION_LEVEL = "-Onone";
			};
			name = Debug;
		};
		FFDDFAE22ADAF56E008B5E18 /* Release */ = {
			isa = XCBuildConfiguration;
			buildSettings = {
				ALWAYS_SEARCH_USER_PATHS = NO;
				CLANG_ANALYZER_NONNULL = YES;
				CLANG_ANALYZER_NUMBER_OBJECT_CONVERSION = YES_AGGRESSIVE;
				CLANG_CXX_LANGUAGE_STANDARD = "gnu++20";
				CLANG_ENABLE_MODULES = YES;
				CLANG_ENABLE_OBJC_ARC = YES;
				CLANG_ENABLE_OBJC_WEAK = YES;
				CLANG_WARN_BLOCK_CAPTURE_AUTORELEASING = YES;
				CLANG_WARN_BOOL_CONVERSION = YES;
				CLANG_WARN_COMMA = YES;
				CLANG_WARN_CONSTANT_CONVERSION = YES;
				CLANG_WARN_DEPRECATED_OBJC_IMPLEMENTATIONS = YES;
				CLANG_WARN_DIRECT_OBJC_ISA_USAGE = YES_ERROR;
				CLANG_WARN_DOCUMENTATION_COMMENTS = YES;
				CLANG_WARN_EMPTY_BODY = YES;
				CLANG_WARN_ENUM_CONVERSION = YES;
				CLANG_WARN_INFINITE_RECURSION = YES;
				CLANG_WARN_INT_CONVERSION = YES;
				CLANG_WARN_NON_LITERAL_NULL_CONVERSION = YES;
				CLANG_WARN_OBJC_IMPLICIT_RETAIN_SELF = YES;
				CLANG_WARN_OBJC_LITERAL_CONVERSION = YES;
				CLANG_WARN_OBJC_ROOT_CLASS = YES_ERROR;
				CLANG_WARN_QUOTED_INCLUDE_IN_FRAMEWORK_HEADER = YES;
				CLANG_WARN_RANGE_LOOP_ANALYSIS = YES;
				CLANG_WARN_STRICT_PROTOTYPES = YES;
				CLANG_WARN_SUSPICIOUS_MOVE = YES;
				CLANG_WARN_UNGUARDED_AVAILABILITY = YES_AGGRESSIVE;
				CLANG_WARN_UNREACHABLE_CODE = YES;
				CLANG_WARN__DUPLICATE_METHOD_MATCH = YES;
				COPY_PHASE_STRIP = NO;
				DEBUG_INFORMATION_FORMAT = "dwarf-with-dsym";
				ENABLE_NS_ASSERTIONS = NO;
				ENABLE_STRICT_OBJC_MSGSEND = YES;
				GCC_C_LANGUAGE_STANDARD = gnu11;
				GCC_NO_COMMON_BLOCKS = YES;
				GCC_WARN_64_TO_32_BIT_CONVERSION = YES;
				GCC_WARN_ABOUT_RETURN_TYPE = YES_ERROR;
				GCC_WARN_UNDECLARED_SELECTOR = YES;
				GCC_WARN_UNINITIALIZED_AUTOS = YES_AGGRESSIVE;
				GCC_WARN_UNUSED_FUNCTION = YES;
				GCC_WARN_UNUSED_VARIABLE = YES;
				IPHONEOS_DEPLOYMENT_TARGET = 16.4;
				MTL_ENABLE_DEBUG_INFO = NO;
				MTL_FAST_MATH = YES;
				SDKROOT = iphoneos;
				SWIFT_COMPILATION_MODE = wholemodule;
				SWIFT_OPTIMIZATION_LEVEL = "-O";
				VALIDATE_PRODUCT = YES;
			};
			name = Release;
		};
		FFDDFAE42ADAF56E008B5E18 /* Debug */ = {
			isa = XCBuildConfiguration;
			buildSettings = {
				ASSETCATALOG_COMPILER_APPICON_NAME = AppIcon;
				ASSETCATALOG_COMPILER_GLOBAL_ACCENT_COLOR_NAME = AccentColor;
				CODE_SIGN_STYLE = Automatic;
				CURRENT_PROJECT_VERSION = 1;
				DEVELOPMENT_ASSET_PATHS = "\"ActivityTracker/Preview Content\"";
				DEVELOPMENT_TEAM = TWS9PC72LA;
				ENABLE_PREVIEWS = YES;
				GENERATE_INFOPLIST_FILE = YES;
				INFOPLIST_KEY_NSLocationWhenInUseUsageDescription = "This App Requires Access To Current Location";
				INFOPLIST_KEY_NSMotionUsageDescription = "This app requires to access motion data";
				INFOPLIST_KEY_UIApplicationSceneManifest_Generation = YES;
				INFOPLIST_KEY_UIApplicationSupportsIndirectInputEvents = YES;
				INFOPLIST_KEY_UILaunchScreen_Generation = YES;
				INFOPLIST_KEY_UISupportedInterfaceOrientations_iPad = "UIInterfaceOrientationPortrait UIInterfaceOrientationPortraitUpsideDown UIInterfaceOrientationLandscapeLeft UIInterfaceOrientationLandscapeRight";
				INFOPLIST_KEY_UISupportedInterfaceOrientations_iPhone = "UIInterfaceOrientationPortrait UIInterfaceOrientationLandscapeLeft UIInterfaceOrientationLandscapeRight";
				LD_RUNPATH_SEARCH_PATHS = (
					"$(inherited)",
					"@executable_path/Frameworks",
				);
				MARKETING_VERSION = 1.0;
				PRODUCT_BUNDLE_IDENTIFIER = Omarep.ActivityTracker;
				PRODUCT_NAME = "$(TARGET_NAME)";
				SWIFT_EMIT_LOC_STRINGS = YES;
				SWIFT_VERSION = 5.0;
				TARGETED_DEVICE_FAMILY = "1,2";
			};
			name = Debug;
		};
		FFDDFAE52ADAF56E008B5E18 /* Release */ = {
			isa = XCBuildConfiguration;
			buildSettings = {
				ASSETCATALOG_COMPILER_APPICON_NAME = AppIcon;
				ASSETCATALOG_COMPILER_GLOBAL_ACCENT_COLOR_NAME = AccentColor;
				CODE_SIGN_STYLE = Automatic;
				CURRENT_PROJECT_VERSION = 1;
				DEVELOPMENT_ASSET_PATHS = "\"ActivityTracker/Preview Content\"";
				DEVELOPMENT_TEAM = TWS9PC72LA;
				ENABLE_PREVIEWS = YES;
				GENERATE_INFOPLIST_FILE = YES;
				INFOPLIST_KEY_NSLocationWhenInUseUsageDescription = "This App Requires Access To Current Location";
				INFOPLIST_KEY_NSMotionUsageDescription = "This app requires to access motion data";
				INFOPLIST_KEY_UIApplicationSceneManifest_Generation = YES;
				INFOPLIST_KEY_UIApplicationSupportsIndirectInputEvents = YES;
				INFOPLIST_KEY_UILaunchScreen_Generation = YES;
				INFOPLIST_KEY_UISupportedInterfaceOrientations_iPad = "UIInterfaceOrientationPortrait UIInterfaceOrientationPortraitUpsideDown UIInterfaceOrientationLandscapeLeft UIInterfaceOrientationLandscapeRight";
				INFOPLIST_KEY_UISupportedInterfaceOrientations_iPhone = "UIInterfaceOrientationPortrait UIInterfaceOrientationLandscapeLeft UIInterfaceOrientationLandscapeRight";
				LD_RUNPATH_SEARCH_PATHS = (
					"$(inherited)",
					"@executable_path/Frameworks",
				);
				MARKETING_VERSION = 1.0;
				PRODUCT_BUNDLE_IDENTIFIER = Omarep.ActivityTracker;
				PRODUCT_NAME = "$(TARGET_NAME)";
				SWIFT_EMIT_LOC_STRINGS = YES;
				SWIFT_VERSION = 5.0;
				TARGETED_DEVICE_FAMILY = "1,2";
			};
			name = Release;
		};
/* End XCBuildConfiguration section */

/* Begin XCConfigurationList section */
		FFDDFAD02ADAF56C008B5E18 /* Build configuration list for PBXProject "ActivityTracker" */ = {
			isa = XCConfigurationList;
			buildConfigurations = (
				FFDDFAE12ADAF56E008B5E18 /* Debug */,
				FFDDFAE22ADAF56E008B5E18 /* Release */,
			);
			defaultConfigurationIsVisible = 0;
			defaultConfigurationName = Release;
		};
		FFDDFAE32ADAF56E008B5E18 /* Build configuration list for PBXNativeTarget "ActivityTracker" */ = {
			isa = XCConfigurationList;
			buildConfigurations = (
				FFDDFAE42ADAF56E008B5E18 /* Debug */,
				FFDDFAE52ADAF56E008B5E18 /* Release */,
			);
			defaultConfigurationIsVisible = 0;
			defaultConfigurationName = Release;
		};
/* End XCConfigurationList section */
	};
	rootObject = FFDDFACD2ADAF56C008B5E18 /* Project object */;
}
